
Microsoft Visual Studio Solution File, Format Version 12.00
# Visual Studio Version 17
VisualStudioVersion = 17.7.34221.43
MinimumVisualStudioVersion = 10.0.40219.1
Project("{FAE04EC0-301F-11D3-BF4B-00C04F79EFBC}") = "ConsoleApp1", "ConsoleApp1.csproj", "{E65C2C7A-0F3C-48A7-9290-C79C8C8460AC}"
EndProject
Global
	GlobalSection(SolutionConfigurationPlatforms) = preSolution
		Debug|Any CPU = Debug|Any CPU
		Release|Any CPU = Release|Any CPU
	EndGlobalSection
	GlobalSection(ProjectConfigurationPlatforms) = postSolution
		{E65C2C7A-0F3C-48A7-9290-C79C8C8460AC}.Debug|Any CPU.ActiveCfg = Debug|Any CPU
		{E65C2C7A-0F3C-48A7-9290-C79C8C8460AC}.Debug|Any CPU.Build.0 = Debug|Any CPU
		{E65C2C7A-0F3C-48A7-9290-C79C8C8460AC}.Release|Any CPU.ActiveCfg = Release|Any CPU
		{E65C2C7A-0F3C-48A7-9290-C79C8C8460AC}.Release|Any CPU.Build.0 = Release|Any CPU
	EndGlobalSection
	GlobalSection(SolutionProperties) = preSolution
		HideSolutionNode = FALSE
	EndGlobalSection
	GlobalSection(ExtensibilityGlobals) = postSolution
		SolutionGuid = {9331F991-428F-4BA0-ACF7-7123804253DC}
	EndGlobalSection
EndGlobal
